
Microsoft Visual Studio Solution File, Format Version 12.00
# Visual Studio Version 17
VisualStudioVersion = 17.14.37301.10 d17.14
MinimumVisualStudioVersion = 10.0.40219.1
Project("{D2ABAB84-BF74-430A-B69E-9DC6D40DDA17}") = "VeloShop_SSAS", "VeloShop_SSAS\VeloShop_SSAS.dwproj", "{FA00EAB5-7FFA-29AE-7019-89C7FAA49953}"
EndProject
Global
	GlobalSection(SolutionConfigurationPlatforms) = preSolution
		Development|Default = Development|Default
	EndGlobalSection
	GlobalSection(ProjectConfigurationPlatforms) = postSolution
		{FA00EAB5-7FFA-29AE-7019-89C7FAA49953}.Development|Default.ActiveCfg = Development
		{FA00EAB5-7FFA-29AE-7019-89C7FAA49953}.Development|Default.Build.0 = Development
		{FA00EAB5-7FFA-29AE-7019-89C7FAA49953}.Development|Default.Deploy.0 = Development
	EndGlobalSection
	GlobalSection(SolutionProperties) = preSolution
		HideSolutionNode = FALSE
	EndGlobalSection
	GlobalSection(ExtensibilityGlobals) = postSolution
		SolutionGuid = {CDF70FEC-6B3F-440F-972F-B02381E1B071}
	EndGlobalSection
EndGlobal
